// !$*UTF8*$!
{
	archiveVersion = 1;
	classes = {
	};
	objectVersion = 56;
	objects = {

/* Begin PBXBuildFile section */
		B001 /* ZenScanApp.swift in Sources */ = {isa = PBXBuildFile; fileRef = F001; };
		B002 /* ContentView.swift in Sources */ = {isa = PBXBuildFile; fileRef = F002; };
		B003 /* DashboardView.swift in Sources */ = {isa = PBXBuildFile; fileRef = F003; };
		B004 /* SystemJunkView.swift in Sources */ = {isa = PBXBuildFile; fileRef = F004; };
		B005 /* UninstallerView.swift in Sources */ = {isa = PBXBuildFile; fileRef = F005; };
		B006 /* PrivacyView.swift in Sources */ = {isa = PBXBuildFile; fileRef = F006; };
		B007 /* OptimizationView.swift in Sources */ = {isa = PBXBuildFile; fileRef = F007; };
		B008 /* DesignSystem.swift in Sources */ = {isa = PBXBuildFile; fileRef = F008; };
		B009 /* JunkItem.swift in Sources */ = {isa = PBXBuildFile; fileRef = F009; };
		B010 /* InstalledApp.swift in Sources */ = {isa = PBXBuildFile; fileRef = F010; };
		B011 /* BrowserData.swift in Sources */ = {isa = PBXBuildFile; fileRef = F011; };
		B012 /* ProcessItem.swift in Sources */ = {isa = PBXBuildFile; fileRef = F012; };
		B013 /* DashboardViewModel.swift in Sources */ = {isa = PBXBuildFile; fileRef = F013; };
		B014 /* SystemJunkViewModel.swift in Sources */ = {isa = PBXBuildFile; fileRef = F014; };
		B015 /* UninstallerViewModel.swift in Sources */ = {isa = PBXBuildFile; fileRef = F015; };
		B016 /* PrivacyViewModel.swift in Sources */ = {isa = PBXBuildFile; fileRef = F016; };
		B017 /* OptimizationViewModel.swift in Sources */ = {isa = PBXBuildFile; fileRef = F017; };
		B018 /* FileSystemAgent.swift in Sources */ = {isa = PBXBuildFile; fileRef = F018; };
		B019 /* SystemJunkAgent.swift in Sources */ = {isa = PBXBuildFile; fileRef = F019; };
		B020 /* ApplicationAgent.swift in Sources */ = {isa = PBXBuildFile; fileRef = F020; };
		B021 /* BrowserDataAgent.swift in Sources */ = {isa = PBXBuildFile; fileRef = F021; };
		B022 /* ProcessAgent.swift in Sources */ = {isa = PBXBuildFile; fileRef = F022; };
		B023 /* Assets.xcassets in Resources */ = {isa = PBXBuildFile; fileRef = F023; };
		B024 /* LargeFile.swift in Sources */ = {isa = PBXBuildFile; fileRef = F024; };
		B025 /* DuplicateGroup.swift in Sources */ = {isa = PBXBuildFile; fileRef = F025; };
		B026 /* LargeFilesAgent.swift in Sources */ = {isa = PBXBuildFile; fileRef = F026; };
		B027 /* DuplicateAgent.swift in Sources */ = {isa = PBXBuildFile; fileRef = F027; };
		B028 /* XcodeAgent.swift in Sources */ = {isa = PBXBuildFile; fileRef = F028; };
		B029 /* LargeFilesViewModel.swift in Sources */ = {isa = PBXBuildFile; fileRef = F029; };
		B030 /* DuplicateViewModel.swift in Sources */ = {isa = PBXBuildFile; fileRef = F030; };
		B031 /* XcodeViewModel.swift in Sources */ = {isa = PBXBuildFile; fileRef = F031; };
		B032 /* LargeFilesView.swift in Sources */ = {isa = PBXBuildFile; fileRef = F032; };
		B033 /* DuplicateView.swift in Sources */ = {isa = PBXBuildFile; fileRef = F033; };
		B034 /* XcodeCleanerView.swift in Sources */ = {isa = PBXBuildFile; fileRef = F034; };
		B035 /* OnboardingView.swift in Sources */ = {isa = PBXBuildFile; fileRef = F035; };
		B036 /* SettingsView.swift in Sources */ = {isa = PBXBuildFile; fileRef = F036; };
		B037 /* MenuBarManager.swift in Sources */ = {isa = PBXBuildFile; fileRef = F037; };
		B038 /* SystemMonitor.swift in Sources */ = {isa = PBXBuildFile; fileRef = F038; };
		B039 /* DiskSpaceAgent.swift in Sources */ = {isa = PBXBuildFile; fileRef = F039; };
		B040 /* TreemapView.swift in Sources */ = {isa = PBXBuildFile; fileRef = F040; };
		B041 /* DiskVisualizerView.swift in Sources */ = {isa = PBXBuildFile; fileRef = F041; };
		B042 /* MemoryAgent.swift in Sources */ = {isa = PBXBuildFile; fileRef = F042; };
		B043 /* RAMCleanerView.swift in Sources */ = {isa = PBXBuildFile; fileRef = F043; };
		B044 /* ShredderAgent.swift in Sources */ = {isa = PBXBuildFile; fileRef = F044; };
		B045 /* ShredderView.swift in Sources */ = {isa = PBXBuildFile; fileRef = F045; };
		B046 /* DownloadAgent.swift in Sources */ = {isa = PBXBuildFile; fileRef = F046; };
		B047 /* DownloadManagerView.swift in Sources */ = {isa = PBXBuildFile; fileRef = F047; };
		B048 /* MalwareAgent.swift in Sources */ = {isa = PBXBuildFile; fileRef = F048; };
		B049 /* MalwareScannerView.swift in Sources */ = {isa = PBXBuildFile; fileRef = F049; };
		B050 /* BatteryMonitor.swift in Sources */ = {isa = PBXBuildFile; fileRef = F050; };
		B051 /* BatteryHealthView.swift in Sources */ = {isa = PBXBuildFile; fileRef = F051; };
		B052 /* HomebrewAgent.swift in Sources */ = {isa = PBXBuildFile; fileRef = F052; };
		B053 /* NodeAgent.swift in Sources */ = {isa = PBXBuildFile; fileRef = F053; };
		B054 /* DockerAgent.swift in Sources */ = {isa = PBXBuildFile; fileRef = F054; };
		B055 /* GitAgent.swift in Sources */ = {isa = PBXBuildFile; fileRef = F055; };
		B056 /* DeveloperToolsView.swift in Sources */ = {isa = PBXBuildFile; fileRef = F056; };
		B057 /* AnimatedComponents.swift in Sources */ = {isa = PBXBuildFile; fileRef = F057; };
		B058 /* ScheduleManager.swift in Sources */ = {isa = PBXBuildFile; fileRef = F058; };
		B059 /* RecommendationEngine.swift in Sources */ = {isa = PBXBuildFile; fileRef = F059; };
		B060 /* ScanHistory.swift in Sources */ = {isa = PBXBuildFile; fileRef = F060; };
		B061 /* TimeMachineAgent.swift in Sources */ = {isa = PBXBuildFile; fileRef = F061; };
		B062 /* FontAgent.swift in Sources */ = {isa = PBXBuildFile; fileRef = F062; };
		B063 /* PermissionsAgent.swift in Sources */ = {isa = PBXBuildFile; fileRef = F063; };
		B064 /* PermissionsView.swift in Sources */ = {isa = PBXBuildFile; fileRef = F064; };
/* End PBXBuildFile section */

/* Begin PBXFileReference section */
		F001 /* ZenScanApp.swift */ = {isa = PBXFileReference; lastKnownFileType = sourcecode.swift; path = ZenScanApp.swift; sourceTree = "<group>"; };
		F002 /* ContentView.swift */ = {isa = PBXFileReference; lastKnownFileType = sourcecode.swift; path = ContentView.swift; sourceTree = "<group>"; };
		F003 /* DashboardView.swift */ = {isa = PBXFileReference; lastKnownFileType = sourcecode.swift; path = DashboardView.swift; sourceTree = "<group>"; };
		F004 /* SystemJunkView.swift */ = {isa = PBXFileReference; lastKnownFileType = sourcecode.swift; path = SystemJunkView.swift; sourceTree = "<group>"; };
		F005 /* UninstallerView.swift */ = {isa = PBXFileReference; lastKnownFileType = sourcecode.swift; path = UninstallerView.swift; sourceTree = "<group>"; };
		F006 /* PrivacyView.swift */ = {isa = PBXFileReference; lastKnownFileType = sourcecode.swift; path = PrivacyView.swift; sourceTree = "<group>"; };
		F007 /* OptimizationView.swift */ = {isa = PBXFileReference; lastKnownFileType = sourcecode.swift; path = OptimizationView.swift; sourceTree = "<group>"; };
		F008 /* DesignSystem.swift */ = {isa = PBXFileReference; lastKnownFileType = sourcecode.swift; path = DesignSystem.swift; sourceTree = "<group>"; };
		F009 /* JunkItem.swift */ = {isa = PBXFileReference; lastKnownFileType = sourcecode.swift; path = JunkItem.swift; sourceTree = "<group>"; };
		F010 /* InstalledApp.swift */ = {isa = PBXFileReference; lastKnownFileType = sourcecode.swift; path = InstalledApp.swift; sourceTree = "<group>"; };
		F011 /* BrowserData.swift */ = {isa = PBXFileReference; lastKnownFileType = sourcecode.swift; path = BrowserData.swift; sourceTree = "<group>"; };
		F012 /* ProcessItem.swift */ = {isa = PBXFileReference; lastKnownFileType = sourcecode.swift; path = ProcessItem.swift; sourceTree = "<group>"; };
		F013 /* DashboardViewModel.swift */ = {isa = PBXFileReference; lastKnownFileType = sourcecode.swift; path = DashboardViewModel.swift; sourceTree = "<group>"; };
		F014 /* SystemJunkViewModel.swift */ = {isa = PBXFileReference; lastKnownFileType = sourcecode.swift; path = SystemJunkViewModel.swift; sourceTree = "<group>"; };
		F015 /* UninstallerViewModel.swift */ = {isa = PBXFileReference; lastKnownFileType = sourcecode.swift; path = UninstallerViewModel.swift; sourceTree = "<group>"; };
		F016 /* PrivacyViewModel.swift */ = {isa = PBXFileReference; lastKnownFileType = sourcecode.swift; path = PrivacyViewModel.swift; sourceTree = "<group>"; };
		F017 /* OptimizationViewModel.swift */ = {isa = PBXFileReference; lastKnownFileType = sourcecode.swift; path = OptimizationViewModel.swift; sourceTree = "<group>"; };
		F018 /* FileSystemAgent.swift */ = {isa = PBXFileReference; lastKnownFileType = sourcecode.swift; path = FileSystemAgent.swift; sourceTree = "<group>"; };
		F019 /* SystemJunkAgent.swift */ = {isa = PBXFileReference; lastKnownFileType = sourcecode.swift; path = SystemJunkAgent.swift; sourceTree = "<group>"; };
		F020 /* ApplicationAgent.swift */ = {isa = PBXFileReference; lastKnownFileType = sourcecode.swift; path = ApplicationAgent.swift; sourceTree = "<group>"; };
		F021 /* BrowserDataAgent.swift */ = {isa = PBXFileReference; lastKnownFileType = sourcecode.swift; path = BrowserDataAgent.swift; sourceTree = "<group>"; };
		F022 /* ProcessAgent.swift */ = {isa = PBXFileReference; lastKnownFileType = sourcecode.swift; path = ProcessAgent.swift; sourceTree = "<group>"; };
		F023 /* Assets.xcassets */ = {isa = PBXFileReference; lastKnownFileType = folder.assetcatalog; path = Assets.xcassets; sourceTree = "<group>"; };
		F024 /* LargeFile.swift */ = {isa = PBXFileReference; lastKnownFileType = sourcecode.swift; path = LargeFile.swift; sourceTree = "<group>"; };
		F025 /* DuplicateGroup.swift */ = {isa = PBXFileReference; lastKnownFileType = sourcecode.swift; path = DuplicateGroup.swift; sourceTree = "<group>"; };
		F026 /* LargeFilesAgent.swift */ = {isa = PBXFileReference; lastKnownFileType = sourcecode.swift; path = LargeFilesAgent.swift; sourceTree = "<group>"; };
		F027 /* DuplicateAgent.swift */ = {isa = PBXFileReference; lastKnownFileType = sourcecode.swift; path = DuplicateAgent.swift; sourceTree = "<group>"; };
		F028 /* XcodeAgent.swift */ = {isa = PBXFileReference; lastKnownFileType = sourcecode.swift; path = XcodeAgent.swift; sourceTree = "<group>"; };
		F029 /* LargeFilesViewModel.swift */ = {isa = PBXFileReference; lastKnownFileType = sourcecode.swift; path = LargeFilesViewModel.swift; sourceTree = "<group>"; };
		F030 /* DuplicateViewModel.swift */ = {isa = PBXFileReference; lastKnownFileType = sourcecode.swift; path = DuplicateViewModel.swift; sourceTree = "<group>"; };
		F031 /* XcodeViewModel.swift */ = {isa = PBXFileReference; lastKnownFileType = sourcecode.swift; path = XcodeViewModel.swift; sourceTree = "<group>"; };
		F032 /* LargeFilesView.swift */ = {isa = PBXFileReference; lastKnownFileType = sourcecode.swift; path = LargeFilesView.swift; sourceTree = "<group>"; };
		F033 /* DuplicateView.swift */ = {isa = PBXFileReference; lastKnownFileType = sourcecode.swift; path = DuplicateView.swift; sourceTree = "<group>"; };
		F034 /* XcodeCleanerView.swift */ = {isa = PBXFileReference; lastKnownFileType = sourcecode.swift; path = XcodeCleanerView.swift; sourceTree = "<group>"; };
		F035 /* OnboardingView.swift */ = {isa = PBXFileReference; lastKnownFileType = sourcecode.swift; path = OnboardingView.swift; sourceTree = "<group>"; };
		F036 /* SettingsView.swift */ = {isa = PBXFileReference; lastKnownFileType = sourcecode.swift; path = SettingsView.swift; sourceTree = "<group>"; };
		F037 /* MenuBarManager.swift */ = {isa = PBXFileReference; lastKnownFileType = sourcecode.swift; path = MenuBarManager.swift; sourceTree = "<group>"; };
		F038 /* SystemMonitor.swift */ = {isa = PBXFileReference; lastKnownFileType = sourcecode.swift; path = SystemMonitor.swift; sourceTree = "<group>"; };
		F039 /* DiskSpaceAgent.swift */ = {isa = PBXFileReference; lastKnownFileType = sourcecode.swift; path = DiskSpaceAgent.swift; sourceTree = "<group>"; };
		F040 /* TreemapView.swift */ = {isa = PBXFileReference; lastKnownFileType = sourcecode.swift; path = TreemapView.swift; sourceTree = "<group>"; };
		F041 /* DiskVisualizerView.swift */ = {isa = PBXFileReference; lastKnownFileType = sourcecode.swift; path = DiskVisualizerView.swift; sourceTree = "<group>"; };
		F042 /* MemoryAgent.swift */ = {isa = PBXFileReference; lastKnownFileType = sourcecode.swift; path = MemoryAgent.swift; sourceTree = "<group>"; };
		F043 /* RAMCleanerView.swift */ = {isa = PBXFileReference; lastKnownFileType = sourcecode.swift; path = RAMCleanerView.swift; sourceTree = "<group>"; };
		F044 /* ShredderAgent.swift */ = {isa = PBXFileReference; lastKnownFileType = sourcecode.swift; path = ShredderAgent.swift; sourceTree = "<group>"; };
		F045 /* ShredderView.swift */ = {isa = PBXFileReference; lastKnownFileType = sourcecode.swift; path = ShredderView.swift; sourceTree = "<group>"; };
		F046 /* DownloadAgent.swift */ = {isa = PBXFileReference; lastKnownFileType = sourcecode.swift; path = DownloadAgent.swift; sourceTree = "<group>"; };
		F047 /* DownloadManagerView.swift */ = {isa = PBXFileReference; lastKnownFileType = sourcecode.swift; path = DownloadManagerView.swift; sourceTree = "<group>"; };
		F048 /* MalwareAgent.swift */ = {isa = PBXFileReference; lastKnownFileType = sourcecode.swift; path = MalwareAgent.swift; sourceTree = "<group>"; };
		F049 /* MalwareScannerView.swift */ = {isa = PBXFileReference; lastKnownFileType = sourcecode.swift; path = MalwareScannerView.swift; sourceTree = "<group>"; };
		F050 /* BatteryMonitor.swift */ = {isa = PBXFileReference; lastKnownFileType = sourcecode.swift; path = BatteryMonitor.swift; sourceTree = "<group>"; };
		F051 /* BatteryHealthView.swift */ = {isa = PBXFileReference; lastKnownFileType = sourcecode.swift; path = BatteryHealthView.swift; sourceTree = "<group>"; };
		F052 /* HomebrewAgent.swift */ = {isa = PBXFileReference; lastKnownFileType = sourcecode.swift; path = HomebrewAgent.swift; sourceTree = "<group>"; };
		F053 /* NodeAgent.swift */ = {isa = PBXFileReference; lastKnownFileType = sourcecode.swift; path = NodeAgent.swift; sourceTree = "<group>"; };
		F054 /* DockerAgent.swift */ = {isa = PBXFileReference; lastKnownFileType = sourcecode.swift; path = DockerAgent.swift; sourceTree = "<group>"; };
		F055 /* GitAgent.swift */ = {isa = PBXFileReference; lastKnownFileType = sourcecode.swift; path = GitAgent.swift; sourceTree = "<group>"; };
		F056 /* DeveloperToolsView.swift */ = {isa = PBXFileReference; lastKnownFileType = sourcecode.swift; path = DeveloperToolsView.swift; sourceTree = "<group>"; };
		F057 /* AnimatedComponents.swift */ = {isa = PBXFileReference; lastKnownFileType = sourcecode.swift; path = AnimatedComponents.swift; sourceTree = "<group>"; };
		F058 /* ScheduleManager.swift */ = {isa = PBXFileReference; lastKnownFileType = sourcecode.swift; path = ScheduleManager.swift; sourceTree = "<group>"; };
		F059 /* RecommendationEngine.swift */ = {isa = PBXFileReference; lastKnownFileType = sourcecode.swift; path = RecommendationEngine.swift; sourceTree = "<group>"; };
		F060 /* ScanHistory.swift */ = {isa = PBXFileReference; lastKnownFileType = sourcecode.swift; path = ScanHistory.swift; sourceTree = "<group>"; };
		F061 /* TimeMachineAgent.swift */ = {isa = PBXFileReference; lastKnownFileType = sourcecode.swift; path = TimeMachineAgent.swift; sourceTree = "<group>"; };
		F062 /* FontAgent.swift */ = {isa = PBXFileReference; lastKnownFileType = sourcecode.swift; path = FontAgent.swift; sourceTree = "<group>"; };
		F063 /* PermissionsAgent.swift */ = {isa = PBXFileReference; lastKnownFileType = sourcecode.swift; path = PermissionsAgent.swift; sourceTree = "<group>"; };
		F064 /* PermissionsView.swift */ = {isa = PBXFileReference; lastKnownFileType = sourcecode.swift; path = PermissionsView.swift; sourceTree = "<group>"; };
		F100 /* ZenScan.entitlements */ = {isa = PBXFileReference; lastKnownFileType = text.plist.entitlements; path = ZenScan.entitlements; sourceTree = "<group>"; };
		P001 /* ZenScan.app */ = {isa = PBXFileReference; explicitFileType = wrapper.application; includeInIndex = 0; path = ZenScan.app; sourceTree = BUILT_PRODUCTS_DIR; };
/* End PBXFileReference section */

/* Begin PBXFrameworksBuildPhase section */
		FWK01 /* Frameworks */ = {
			isa = PBXFrameworksBuildPhase;
			buildActionMask = 2147483647;
			files = (
			);
			runOnlyForDeploymentPostprocessing = 0;
		};
/* End PBXFrameworksBuildPhase section */

/* Begin PBXGroup section */
		G001 = {
			isa = PBXGroup;
			children = (
				G002 /* ZenScan */,
				G003 /* Products */,
			);
			sourceTree = "<group>";
		};
		G002 /* ZenScan */ = {
			isa = PBXGroup;
			children = (
				F001 /* ZenScanApp.swift */,
				F100 /* ZenScan.entitlements */,
				F023 /* Assets.xcassets */,
				G004 /* Models */,
				G005 /* ViewModels */,
				G006 /* Views */,
				G007 /* Services */,
			);
			path = ZenScan;
			sourceTree = "<group>";
		};
		G003 /* Products */ = {
			isa = PBXGroup;
			children = (
				P001 /* ZenScan.app */,
			);
			name = Products;
			sourceTree = "<group>";
		};
		G004 /* Models */ = {
			isa = PBXGroup;
			children = (
				F009 /* JunkItem.swift */,
				F010 /* InstalledApp.swift */,
				F011 /* BrowserData.swift */,
				F012 /* ProcessItem.swift */,
				F024 /* LargeFile.swift */,
				F025 /* DuplicateGroup.swift */,
				F060 /* ScanHistory.swift */,
			);
			path = Models;
			sourceTree = "<group>";
		};
		G005 /* ViewModels */ = {
			isa = PBXGroup;
			children = (
				F013 /* DashboardViewModel.swift */,
				F014 /* SystemJunkViewModel.swift */,
				F015 /* UninstallerViewModel.swift */,
				F016 /* PrivacyViewModel.swift */,
				F017 /* OptimizationViewModel.swift */,
				F029 /* LargeFilesViewModel.swift */,
				F030 /* DuplicateViewModel.swift */,
				F031 /* XcodeViewModel.swift */,
			);
			path = ViewModels;
			sourceTree = "<group>";
		};
		G006 /* Views */ = {
			isa = PBXGroup;
			children = (
				F002 /* ContentView.swift */,
				F003 /* DashboardView.swift */,
				F004 /* SystemJunkView.swift */,
				F005 /* UninstallerView.swift */,
				F006 /* PrivacyView.swift */,
				F007 /* OptimizationView.swift */,
				F032 /* LargeFilesView.swift */,
				F033 /* DuplicateView.swift */,
				F034 /* XcodeCleanerView.swift */,
				F035 /* OnboardingView.swift */,
				F036 /* SettingsView.swift */,
				F041 /* DiskVisualizerView.swift */,
				F043 /* RAMCleanerView.swift */,
				F045 /* ShredderView.swift */,
				F047 /* DownloadManagerView.swift */,
				F049 /* MalwareScannerView.swift */,
				F051 /* BatteryHealthView.swift */,
				F056 /* DeveloperToolsView.swift */,
				F064 /* PermissionsView.swift */,
				G008 /* Components */,
			);
			path = Views;
			sourceTree = "<group>";
		};
		G007 /* Services */ = {
			isa = PBXGroup;
			children = (
				F037 /* MenuBarManager.swift */,
				F038 /* SystemMonitor.swift */,
				F050 /* BatteryMonitor.swift */,
				F058 /* ScheduleManager.swift */,
				F059 /* RecommendationEngine.swift */,
				G009 /* Agents */,
			);
			path = Services;
			sourceTree = "<group>";
		};
		G008 /* Components */ = {
			isa = PBXGroup;
			children = (
				F008 /* DesignSystem.swift */,
				F040 /* TreemapView.swift */,
				F057 /* AnimatedComponents.swift */,
			);
			path = Components;
			sourceTree = "<group>";
		};
		G009 /* Agents */ = {
			isa = PBXGroup;
			children = (
				F018 /* FileSystemAgent.swift */,
				F019 /* SystemJunkAgent.swift */,
				F020 /* ApplicationAgent.swift */,
				F021 /* BrowserDataAgent.swift */,
				F022 /* ProcessAgent.swift */,
				F026 /* LargeFilesAgent.swift */,
				F027 /* DuplicateAgent.swift */,
				F028 /* XcodeAgent.swift */,
				F039 /* DiskSpaceAgent.swift */,
				F042 /* MemoryAgent.swift */,
				F044 /* ShredderAgent.swift */,
				F046 /* DownloadAgent.swift */,
				F048 /* MalwareAgent.swift */,
				F052 /* HomebrewAgent.swift */,
				F053 /* NodeAgent.swift */,
				F054 /* DockerAgent.swift */,
				F055 /* GitAgent.swift */,
				F061 /* TimeMachineAgent.swift */,
				F062 /* FontAgent.swift */,
				F063 /* PermissionsAgent.swift */,
			);
			path = Agents;
			sourceTree = "<group>";
		};
/* End PBXGroup section */

/* Begin PBXNativeTarget section */
		T001 /* ZenScan */ = {
			isa = PBXNativeTarget;
			buildConfigurationList = CL001;
			buildPhases = (
				SRC01 /* Sources */,
				FWK01 /* Frameworks */,
				RES01 /* Resources */,
			);
			buildRules = (
			);
			dependencies = (
			);
			name = ZenScan;
			productName = ZenScan;
			productReference = P001 /* ZenScan.app */;
			productType = "com.apple.product-type.application";
		};
/* End PBXNativeTarget section */

/* Begin PBXProject section */
		PRJ01 /* Project object */ = {
			isa = PBXProject;
			attributes = {
				BuildIndependentTargetsInParallel = 1;
				LastSwiftUpdateCheck = 1500;
				LastUpgradeCheck = 1500;
				TargetAttributes = {
					T001 = {
						CreatedOnToolsVersion = 15.0;
					};
				};
			};
			buildConfigurationList = CL002;
			compatibilityVersion = "Xcode 14.0";
			developmentRegion = en;
			hasScannedForEncodings = 0;
			knownRegions = (
				en,
				Base,
			);
			mainGroup = G001;
			productRefGroup = G003 /* Products */;
			projectDirPath = "";
			projectRoot = "";
			targets = (
				T001 /* ZenScan */,
			);
		};
/* End PBXProject section */

/* Begin PBXResourcesBuildPhase section */
		RES01 /* Resources */ = {
			isa = PBXResourcesBuildPhase;
			buildActionMask = 2147483647;
			files = (
				B023 /* Assets.xcassets in Resources */,
			);
			runOnlyForDeploymentPostprocessing = 0;
		};
/* End PBXResourcesBuildPhase section */

/* Begin PBXSourcesBuildPhase section */
		SRC01 /* Sources */ = {
			isa = PBXSourcesBuildPhase;
			buildActionMask = 2147483647;
			files = (
				B001 /* ZenScanApp.swift in Sources */,
				B002 /* ContentView.swift in Sources */,
				B003 /* DashboardView.swift in Sources */,
				B004 /* SystemJunkView.swift in Sources */,
				B005 /* UninstallerView.swift in Sources */,
				B006 /* PrivacyView.swift in Sources */,
				B007 /* OptimizationView.swift in Sources */,
				B008 /* DesignSystem.swift in Sources */,
				B009 /* JunkItem.swift in Sources */,
				B010 /* InstalledApp.swift in Sources */,
				B011 /* BrowserData.swift in Sources */,
				B012 /* ProcessItem.swift in Sources */,
				B013 /* DashboardViewModel.swift in Sources */,
				B014 /* SystemJunkViewModel.swift in Sources */,
				B015 /* UninstallerViewModel.swift in Sources */,
				B016 /* PrivacyViewModel.swift in Sources */,
				B017 /* OptimizationViewModel.swift in Sources */,
				B018 /* FileSystemAgent.swift in Sources */,
				B019 /* SystemJunkAgent.swift in Sources */,
				B020 /* ApplicationAgent.swift in Sources */,
				B021 /* BrowserDataAgent.swift in Sources */,
				B022 /* ProcessAgent.swift in Sources */,
				B024 /* LargeFile.swift in Sources */,
				B025 /* DuplicateGroup.swift in Sources */,
				B026 /* LargeFilesAgent.swift in Sources */,
				B027 /* DuplicateAgent.swift in Sources */,
				B028 /* XcodeAgent.swift in Sources */,
				B029 /* LargeFilesViewModel.swift in Sources */,
				B030 /* DuplicateViewModel.swift in Sources */,
				B031 /* XcodeViewModel.swift in Sources */,
				B032 /* LargeFilesView.swift in Sources */,
				B033 /* DuplicateView.swift in Sources */,
				B034 /* XcodeCleanerView.swift in Sources */,
				B035 /* OnboardingView.swift in Sources */,
				B036 /* SettingsView.swift in Sources */,
				B037 /* MenuBarManager.swift in Sources */,
				B038 /* SystemMonitor.swift in Sources */,
				B039 /* DiskSpaceAgent.swift in Sources */,
				B040 /* TreemapView.swift in Sources */,
				B041 /* DiskVisualizerView.swift in Sources */,
				B042 /* MemoryAgent.swift in Sources */,
				B043 /* RAMCleanerView.swift in Sources */,
				B044 /* ShredderAgent.swift in Sources */,
				B045 /* ShredderView.swift in Sources */,
				B046 /* DownloadAgent.swift in Sources */,
				B047 /* DownloadManagerView.swift in Sources */,
				B048 /* MalwareAgent.swift in Sources */,
				B049 /* MalwareScannerView.swift in Sources */,
				B050 /* BatteryMonitor.swift in Sources */,
				B051 /* BatteryHealthView.swift in Sources */,
				B052 /* HomebrewAgent.swift in Sources */,
				B053 /* NodeAgent.swift in Sources */,
				B054 /* DockerAgent.swift in Sources */,
				B055 /* GitAgent.swift in Sources */,
				B056 /* DeveloperToolsView.swift in Sources */,
				B057 /* AnimatedComponents.swift in Sources */,
				B058 /* ScheduleManager.swift in Sources */,
				B059 /* RecommendationEngine.swift in Sources */,
				B060 /* ScanHistory.swift in Sources */,
				B061 /* TimeMachineAgent.swift in Sources */,
				B062 /* FontAgent.swift in Sources */,
				B063 /* PermissionsAgent.swift in Sources */,
				B064 /* PermissionsView.swift in Sources */,
			);
			runOnlyForDeploymentPostprocessing = 0;
		};
/* End PBXSourcesBuildPhase section */

/* Begin XCBuildConfiguration section */
		CFG01 /* Debug */ = {
			isa = XCBuildConfiguration;
			buildSettings = {
				ALWAYS_SEARCH_USER_PATHS = NO;
				ASSETCATALOG_COMPILER_GENERATE_SWIFT_ASSET_SYMBOL_EXTENSIONS = YES;
				CLANG_ANALYZER_NONNULL = YES;
				CLANG_ANALYZER_NUMBER_OBJECT_CONVERSION = YES_AGGRESSIVE;
				CLANG_CXX_LANGUAGE_STANDARD = "gnu++20";
				CLANG_ENABLE_MODULES = YES;
				CLANG_ENABLE_OBJC_ARC = YES;
				CLANG_ENABLE_OBJC_WEAK = YES;
				CLANG_WARN_BLOCK_CAPTURE_AUTORELEASING = YES;
				CLANG_WARN_BOOL_CONVERSION = YES;
				CLANG_WARN_COMMA = YES;
				CLANG_WARN_CONSTANT_CONVERSION = YES;
				CLANG_WARN_DEPRECATED_OBJC_IMPLEMENTATIONS = YES;
				CLANG_WARN_DIRECT_OBJC_ISA_USAGE = YES_ERROR;
				CLANG_WARN_DOCUMENTATION_COMMENTS = YES;
				CLANG_WARN_EMPTY_BODY = YES;
				CLANG_WARN_ENUM_CONVERSION = YES;
				CLANG_WARN_INFINITE_RECURSION = YES;
				CLANG_WARN_INT_CONVERSION = YES;
				CLANG_WARN_NON_LITERAL_NULL_CONVERSION = YES;
				CLANG_WARN_OBJC_IMPLICIT_RETAIN_SELF = YES;
				CLANG_WARN_OBJC_LITERAL_CONVERSION = YES;
				CLANG_WARN_OBJC_ROOT_CLASS = YES_ERROR;
				CLANG_WARN_QUOTED_INCLUDE_IN_FRAMEWORK_HEADER = YES;
				CLANG_WARN_RANGE_LOOP_ANALYSIS = YES;
				CLANG_WARN_STRICT_PROTOTYPES = YES;
				CLANG_WARN_SUSPICIOUS_MOVE = YES;
				CLANG_WARN_UNGUARDED_AVAILABILITY = YES_AGGRESSIVE;
				CLANG_WARN_UNREACHABLE_CODE = YES;
				CLANG_WARN__DUPLICATE_METHOD_MATCH = YES;
				COPY_PHASE_STRIP = NO;
				DEBUG_INFORMATION_FORMAT = dwarf;
				ENABLE_STRICT_OBJC_MSGSEND = YES;
				ENABLE_TESTABILITY = YES;
				ENABLE_USER_SCRIPT_SANDBOXING = YES;
				GCC_C_LANGUAGE_STANDARD = gnu17;
				GCC_DYNAMIC_NO_PIC = NO;
				GCC_NO_COMMON_BLOCKS = YES;
				GCC_OPTIMIZATION_LEVEL = 0;
				GCC_PREPROCESSOR_DEFINITIONS = (
					"DEBUG=1",
					"$(inherited)",
				);
				GCC_WARN_64_TO_32_BIT_CONVERSION = YES;
				GCC_WARN_ABOUT_RETURN_TYPE = YES_ERROR;
				GCC_WARN_UNDECLARED_SELECTOR = YES;
				GCC_WARN_UNINITIALIZED_AUTOS = YES_AGGRESSIVE;
				GCC_WARN_UNUSED_FUNCTION = YES;
				GCC_WARN_UNUSED_VARIABLE = YES;
				LOCALIZATION_PREFERS_STRING_CATALOGS = YES;
				MACOSX_DEPLOYMENT_TARGET = 14.0;
				MTL_ENABLE_DEBUG_INFO = INCLUDE_SOURCE;
				MTL_FAST_MATH = YES;
				ONLY_ACTIVE_ARCH = YES;
				SDKROOT = macosx;
				SWIFT_ACTIVE_COMPILATION_CONDITIONS = "DEBUG $(inherited)";
				SWIFT_OPTIMIZATION_LEVEL = "-Onone";
			};
			name = Debug;
		};
		CFG02 /* Release */ = {
			isa = XCBuildConfiguration;
			buildSettings = {
				ALWAYS_SEARCH_USER_PATHS = NO;
				ASSETCATALOG_COMPILER_GENERATE_SWIFT_ASSET_SYMBOL_EXTENSIONS = YES;
				CLANG_ANALYZER_NONNULL = YES;
				CLANG_ANALYZER_NUMBER_OBJECT_CONVERSION = YES_AGGRESSIVE;
				CLANG_CXX_LANGUAGE_STANDARD = "gnu++20";
				CLANG_ENABLE_MODULES = YES;
				CLANG_ENABLE_OBJC_ARC = YES;
				CLANG_ENABLE_OBJC_WEAK = YES;
				CLANG_WARN_BLOCK_CAPTURE_AUTORELEASING = YES;
				CLANG_WARN_BOOL_CONVERSION = YES;
				CLANG_WARN_COMMA = YES;
				CLANG_WARN_CONSTANT_CONVERSION = YES;
				CLANG_WARN_DEPRECATED_OBJC_IMPLEMENTATIONS = YES;
				CLANG_WARN_DIRECT_OBJC_ISA_USAGE = YES_ERROR;
				CLANG_WARN_DOCUMENTATION_COMMENTS = YES;
				CLANG_WARN_EMPTY_BODY = YES;
				CLANG_WARN_ENUM_CONVERSION = YES;
				CLANG_WARN_INFINITE_RECURSION = YES;
				CLANG_WARN_INT_CONVERSION = YES;
				CLANG_WARN_NON_LITERAL_NULL_CONVERSION = YES;
				CLANG_WARN_OBJC_IMPLICIT_RETAIN_SELF = YES;
				CLANG_WARN_OBJC_LITERAL_CONVERSION = YES;
				CLANG_WARN_OBJC_ROOT_CLASS = YES_ERROR;
				CLANG_WARN_QUOTED_INCLUDE_IN_FRAMEWORK_HEADER = YES;
				CLANG_WARN_RANGE_LOOP_ANALYSIS = YES;
				CLANG_WARN_STRICT_PROTOTYPES = YES;
				CLANG_WARN_SUSPICIOUS_MOVE = YES;
				CLANG_WARN_UNGUARDED_AVAILABILITY = YES_AGGRESSIVE;
				CLANG_WARN_UNREACHABLE_CODE = YES;
				CLANG_WARN__DUPLICATE_METHOD_MATCH = YES;
				COPY_PHASE_STRIP = NO;
				DEBUG_INFORMATION_FORMAT = "dwarf-with-dsym";
				ENABLE_NS_ASSERTIONS = NO;
				ENABLE_STRICT_OBJC_MSGSEND = YES;
				ENABLE_USER_SCRIPT_SANDBOXING = YES;
				GCC_C_LANGUAGE_STANDARD = gnu17;
				GCC_NO_COMMON_BLOCKS = YES;
				GCC_WARN_64_TO_32_BIT_CONVERSION = YES;
				GCC_WARN_ABOUT_RETURN_TYPE = YES_ERROR;
				GCC_WARN_UNDECLARED_SELECTOR = YES;
				GCC_WARN_UNINITIALIZED_AUTOS = YES_AGGRESSIVE;
				GCC_WARN_UNUSED_FUNCTION = YES;
				GCC_WARN_UNUSED_VARIABLE = YES;
				LOCALIZATION_PREFERS_STRING_CATALOGS = YES;
				MACOSX_DEPLOYMENT_TARGET = 14.0;
				MTL_ENABLE_DEBUG_INFO = NO;
				MTL_FAST_MATH = YES;
				SDKROOT = macosx;
				SWIFT_COMPILATION_MODE = wholemodule;
			};
			name = Release;
		};
		CFG03 /* Debug */ = {
			isa = XCBuildConfiguration;
			buildSettings = {
				ASSETCATALOG_COMPILER_APPICON_NAME = AppIcon;
				ASSETCATALOG_COMPILER_GLOBAL_ACCENT_COLOR_NAME = AccentColor;
				CODE_SIGN_ENTITLEMENTS = ZenScan/ZenScan.entitlements;
				CODE_SIGN_STYLE = Automatic;
				COMBINE_HIDPI_IMAGES = YES;
				CURRENT_PROJECT_VERSION = 4;
				DEVELOPMENT_ASSET_PATHS = "";
				ENABLE_HARDENED_RUNTIME = YES;
				ENABLE_PREVIEWS = YES;
				GENERATE_INFOPLIST_FILE = YES;
				INFOPLIST_KEY_LSApplicationCategoryType = "public.app-category.utilities";
				INFOPLIST_KEY_NSHumanReadableCopyright = "";
				LD_RUNPATH_SEARCH_PATHS = (
					"$(inherited)",
					"@executable_path/../Frameworks",
				);
				MARKETING_VERSION = 3.0;
				PRODUCT_BUNDLE_IDENTIFIER = com.zenscan.app;
				PRODUCT_NAME = "$(TARGET_NAME)";
				SWIFT_EMIT_LOC_STRINGS = YES;
				SWIFT_VERSION = 5.0;
			};
			name = Debug;
		};
		CFG04 /* Release */ = {
			isa = XCBuildConfiguration;
			buildSettings = {
				ASSETCATALOG_COMPILER_APPICON_NAME = AppIcon;
				ASSETCATALOG_COMPILER_GLOBAL_ACCENT_COLOR_NAME = AccentColor;
				CODE_SIGN_ENTITLEMENTS = ZenScan/ZenScan.entitlements;
				CODE_SIGN_STYLE = Automatic;
				COMBINE_HIDPI_IMAGES = YES;
				CURRENT_PROJECT_VERSION = 4;
				DEVELOPMENT_ASSET_PATHS = "";
				ENABLE_HARDENED_RUNTIME = YES;
				ENABLE_PREVIEWS = YES;
				GENERATE_INFOPLIST_FILE = YES;
				INFOPLIST_KEY_LSApplicationCategoryType = "public.app-category.utilities";
				INFOPLIST_KEY_NSHumanReadableCopyright = "";
				LD_RUNPATH_SEARCH_PATHS = (
					"$(inherited)",
					"@executable_path/../Frameworks",
				);
				MARKETING_VERSION = 3.0;
				PRODUCT_BUNDLE_IDENTIFIER = com.zenscan.app;
				PRODUCT_NAME = "$(TARGET_NAME)";
				SWIFT_EMIT_LOC_STRINGS = YES;
				SWIFT_VERSION = 5.0;
			};
			name = Release;
		};
/* End XCBuildConfiguration section */

/* Begin XCConfigurationList section */
		CL001 /* Build configuration list for PBXNativeTarget "ZenScan" */ = {
			isa = XCConfigurationList;
			buildConfigurations = (
				CFG03 /* Debug */,
				CFG04 /* Release */,
			);
			defaultConfigurationIsVisible = 0;
			defaultConfigurationName = Release;
		};
		CL002 /* Build configuration list for PBXProject "ZenScan" */ = {
			isa = XCConfigurationList;
			buildConfigurations = (
				CFG01 /* Debug */,
				CFG02 /* Release */,
			);
			defaultConfigurationIsVisible = 0;
			defaultConfigurationName = Release;
		};
/* End XCConfigurationList section */
	};
	rootObject = PRJ01 /* Project object */;
}
