// !$*UTF8*$!
{
	archiveVersion = 1;
	classes = {
	};
	objectVersion = 56;
	objects = {

/* Begin PBXBuildFile section */
		001 /* ZenScanApp.swift in Sources */ = {isa = PBXBuildFile; fileRef = 100; };
		002 /* ContentView.swift in Sources */ = {isa = PBXBuildFile; fileRef = 101; };
		003 /* DashboardView.swift in Sources */ = {isa = PBXBuildFile; fileRef = 102; };
		004 /* SystemJunkView.swift in Sources */ = {isa = PBXBuildFile; fileRef = 103; };
		005 /* UninstallerView.swift in Sources */ = {isa = PBXBuildFile; fileRef = 104; };
		006 /* PrivacyView.swift in Sources */ = {isa = PBXBuildFile; fileRef = 105; };
		007 /* OptimizationView.swift in Sources */ = {isa = PBXBuildFile; fileRef = 106; };
		008 /* DesignSystem.swift in Sources */ = {isa = PBXBuildFile; fileRef = 107; };
		009 /* JunkItem.swift in Sources */ = {isa = PBXBuildFile; fileRef = 108; };
		010 /* InstalledApp.swift in Sources */ = {isa = PBXBuildFile; fileRef = 109; };
		011 /* BrowserData.swift in Sources */ = {isa = PBXBuildFile; fileRef = 110; };
		012 /* ProcessItem.swift in Sources */ = {isa = PBXBuildFile; fileRef = 111; };
		013 /* DashboardViewModel.swift in Sources */ = {isa = PBXBuildFile; fileRef = 112; };
		014 /* SystemJunkViewModel.swift in Sources */ = {isa = PBXBuildFile; fileRef = 113; };
		015 /* UninstallerViewModel.swift in Sources */ = {isa = PBXBuildFile; fileRef = 114; };
		016 /* PrivacyViewModel.swift in Sources */ = {isa = PBXBuildFile; fileRef = 115; };
		017 /* OptimizationViewModel.swift in Sources */ = {isa = PBXBuildFile; fileRef = 116; };
		018 /* FileSystemAgent.swift in Sources */ = {isa = PBXBuildFile; fileRef = 117; };
		019 /* SystemJunkAgent.swift in Sources */ = {isa = PBXBuildFile; fileRef = 118; };
		020 /* ApplicationAgent.swift in Sources */ = {isa = PBXBuildFile; fileRef = 119; };
		021 /* BrowserDataAgent.swift in Sources */ = {isa = PBXBuildFile; fileRef = 120; };
		022 /* ProcessAgent.swift in Sources */ = {isa = PBXBuildFile; fileRef = 121; };
		023 /* Assets.xcassets in Resources */ = {isa = PBXBuildFile; fileRef = 122; };
/* End PBXBuildFile section */

/* Begin PBXFileReference section */
		100 /* ZenScanApp.swift */ = {isa = PBXFileReference; lastKnownFileType = sourcecode.swift; path = ZenScanApp.swift; sourceTree = "<group>"; };
		101 /* ContentView.swift */ = {isa = PBXFileReference; lastKnownFileType = sourcecode.swift; path = ContentView.swift; sourceTree = "<group>"; };
		102 /* DashboardView.swift */ = {isa = PBXFileReference; lastKnownFileType = sourcecode.swift; path = DashboardView.swift; sourceTree = "<group>"; };
		103 /* SystemJunkView.swift */ = {isa = PBXFileReference; lastKnownFileType = sourcecode.swift; path = SystemJunkView.swift; sourceTree = "<group>"; };
		104 /* UninstallerView.swift */ = {isa = PBXFileReference; lastKnownFileType = sourcecode.swift; path = UninstallerView.swift; sourceTree = "<group>"; };
		105 /* PrivacyView.swift */ = {isa = PBXFileReference; lastKnownFileType = sourcecode.swift; path = PrivacyView.swift; sourceTree = "<group>"; };
		106 /* OptimizationView.swift */ = {isa = PBXFileReference; lastKnownFileType = sourcecode.swift; path = OptimizationView.swift; sourceTree = "<group>"; };
		107 /* DesignSystem.swift */ = {isa = PBXFileReference; lastKnownFileType = sourcecode.swift; path = DesignSystem.swift; sourceTree = "<group>"; };
		108 /* JunkItem.swift */ = {isa = PBXFileReference; lastKnownFileType = sourcecode.swift; path = JunkItem.swift; sourceTree = "<group>"; };
		109 /* InstalledApp.swift */ = {isa = PBXFileReference; lastKnownFileType = sourcecode.swift; path = InstalledApp.swift; sourceTree = "<group>"; };
		110 /* BrowserData.swift */ = {isa = PBXFileReference; lastKnownFileType = sourcecode.swift; path = BrowserData.swift; sourceTree = "<group>"; };
		111 /* ProcessItem.swift */ = {isa = PBXFileReference; lastKnownFileType = sourcecode.swift; path = ProcessItem.swift; sourceTree = "<group>"; };
		112 /* DashboardViewModel.swift */ = {isa = PBXFileReference; lastKnownFileType = sourcecode.swift; path = DashboardViewModel.swift; sourceTree = "<group>"; };
		113 /* SystemJunkViewModel.swift */ = {isa = PBXFileReference; lastKnownFileType = sourcecode.swift; path = SystemJunkViewModel.swift; sourceTree = "<group>"; };
		114 /* UninstallerViewModel.swift */ = {isa = PBXFileReference; lastKnownFileType = sourcecode.swift; path = UninstallerViewModel.swift; sourceTree = "<group>"; };
		115 /* PrivacyViewModel.swift */ = {isa = PBXFileReference; lastKnownFileType = sourcecode.swift; path = PrivacyViewModel.swift; sourceTree = "<group>"; };
		116 /* OptimizationViewModel.swift */ = {isa = PBXFileReference; lastKnownFileType = sourcecode.swift; path = OptimizationViewModel.swift; sourceTree = "<group>"; };
		117 /* FileSystemAgent.swift */ = {isa = PBXFileReference; lastKnownFileType = sourcecode.swift; path = FileSystemAgent.swift; sourceTree = "<group>"; };
		118 /* SystemJunkAgent.swift */ = {isa = PBXFileReference; lastKnownFileType = sourcecode.swift; path = SystemJunkAgent.swift; sourceTree = "<group>"; };
		119 /* ApplicationAgent.swift */ = {isa = PBXFileReference; lastKnownFileType = sourcecode.swift; path = ApplicationAgent.swift; sourceTree = "<group>"; };
		120 /* BrowserDataAgent.swift */ = {isa = PBXFileReference; lastKnownFileType = sourcecode.swift; path = BrowserDataAgent.swift; sourceTree = "<group>"; };
		121 /* ProcessAgent.swift */ = {isa = PBXFileReference; lastKnownFileType = sourcecode.swift; path = ProcessAgent.swift; sourceTree = "<group>"; };
		122 /* Assets.xcassets */ = {isa = PBXFileReference; lastKnownFileType = folder.assetcatalog; path = Assets.xcassets; sourceTree = "<group>"; };
		123 /* ZenScan.entitlements */ = {isa = PBXFileReference; lastKnownFileType = text.plist.entitlements; path = ZenScan.entitlements; sourceTree = "<group>"; };
		200 /* ZenScan.app */ = {isa = PBXFileReference; explicitFileType = wrapper.application; includeInIndex = 0; path = ZenScan.app; sourceTree = BUILT_PRODUCTS_DIR; };
/* End PBXFileReference section */

/* Begin PBXFrameworksBuildPhase section */
		300 /* Frameworks */ = {
			isa = PBXFrameworksBuildPhase;
			buildActionMask = 2147483647;
			files = (
			);
			runOnlyForDeploymentPostprocessing = 0;
		};
/* End PBXFrameworksBuildPhase section */

/* Begin PBXGroup section */
		400 = {
			isa = PBXGroup;
			children = (
				401 /* ZenScan */,
				500 /* Products */,
			);
			sourceTree = "<group>";
		};
		401 /* ZenScan */ = {
			isa = PBXGroup;
			children = (
				100 /* ZenScanApp.swift */,
				123 /* ZenScan.entitlements */,
				122 /* Assets.xcassets */,
				402 /* Models */,
				403 /* ViewModels */,
				404 /* Views */,
				405 /* Services */,
			);
			path = ZenScan;
			sourceTree = "<group>";
		};
		402 /* Models */ = {
			isa = PBXGroup;
			children = (
				108 /* JunkItem.swift */,
				109 /* InstalledApp.swift */,
				110 /* BrowserData.swift */,
				111 /* ProcessItem.swift */,
			);
			path = Models;
			sourceTree = "<group>";
		};
		403 /* ViewModels */ = {
			isa = PBXGroup;
			children = (
				112 /* DashboardViewModel.swift */,
				113 /* SystemJunkViewModel.swift */,
				114 /* UninstallerViewModel.swift */,
				115 /* PrivacyViewModel.swift */,
				116 /* OptimizationViewModel.swift */,
			);
			path = ViewModels;
			sourceTree = "<group>";
		};
		404 /* Views */ = {
			isa = PBXGroup;
			children = (
				101 /* ContentView.swift */,
				102 /* DashboardView.swift */,
				103 /* SystemJunkView.swift */,
				104 /* UninstallerView.swift */,
				105 /* PrivacyView.swift */,
				106 /* OptimizationView.swift */,
				406 /* Components */,
			);
			path = Views;
			sourceTree = "<group>";
		};
		405 /* Services */ = {
			isa = PBXGroup;
			children = (
				407 /* Agents */,
			);
			path = Services;
			sourceTree = "<group>";
		};
		406 /* Components */ = {
			isa = PBXGroup;
			children = (
				107 /* DesignSystem.swift */,
			);
			path = Components;
			sourceTree = "<group>";
		};
		407 /* Agents */ = {
			isa = PBXGroup;
			children = (
				117 /* FileSystemAgent.swift */,
				118 /* SystemJunkAgent.swift */,
				119 /* ApplicationAgent.swift */,
				120 /* BrowserDataAgent.swift */,
				121 /* ProcessAgent.swift */,
			);
			path = Agents;
			sourceTree = "<group>";
		};
		500 /* Products */ = {
			isa = PBXGroup;
			children = (
				200 /* ZenScan.app */,
			);
			name = Products;
			sourceTree = "<group>";
		};
/* End PBXGroup section */

/* Begin PBXNativeTarget section */
		600 /* ZenScan */ = {
			isa = PBXNativeTarget;
			buildConfigurationList = 700;
			buildPhases = (
				601 /* Sources */,
				300 /* Frameworks */,
				602 /* Resources */,
			);
			buildRules = (
			);
			dependencies = (
			);
			name = ZenScan;
			productName = ZenScan;
			productReference = 200 /* ZenScan.app */;
			productType = "com.apple.product-type.application";
		};
/* End PBXNativeTarget section */

/* Begin PBXProject section */
		800 /* Project object */ = {
			isa = PBXProject;
			attributes = {
				BuildIndependentTargetsInParallel = 1;
				LastSwiftUpdateCheck = 1500;
				LastUpgradeCheck = 1500;
				TargetAttributes = {
					600 = {
						CreatedOnToolsVersion = 15.0;
					};
				};
			};
			buildConfigurationList = 801;
			compatibilityVersion = "Xcode 14.0";
			developmentRegion = en;
			hasScannedForEncodings = 0;
			knownRegions = (
				en,
				Base,
			);
			mainGroup = 400;
			productRefGroup = 500 /* Products */;
			projectDirPath = "";
			projectRoot = "";
			targets = (
				600 /* ZenScan */,
			);
		};
/* End PBXProject section */

/* Begin PBXResourcesBuildPhase section */
		602 /* Resources */ = {
			isa = PBXResourcesBuildPhase;
			buildActionMask = 2147483647;
			files = (
				023 /* Assets.xcassets in Resources */,
			);
			runOnlyForDeploymentPostprocessing = 0;
		};
/* End PBXResourcesBuildPhase section */

/* Begin PBXSourcesBuildPhase section */
		601 /* Sources */ = {
			isa = PBXSourcesBuildPhase;
			buildActionMask = 2147483647;
			files = (
				001 /* ZenScanApp.swift in Sources */,
				002 /* ContentView.swift in Sources */,
				003 /* DashboardView.swift in Sources */,
				004 /* SystemJunkView.swift in Sources */,
				005 /* UninstallerView.swift in Sources */,
				006 /* PrivacyView.swift in Sources */,
				007 /* OptimizationView.swift in Sources */,
				008 /* DesignSystem.swift in Sources */,
				009 /* JunkItem.swift in Sources */,
				010 /* InstalledApp.swift in Sources */,
				011 /* BrowserData.swift in Sources */,
				012 /* ProcessItem.swift in Sources */,
				013 /* DashboardViewModel.swift in Sources */,
				014 /* SystemJunkViewModel.swift in Sources */,
				015 /* UninstallerViewModel.swift in Sources */,
				016 /* PrivacyViewModel.swift in Sources */,
				017 /* OptimizationViewModel.swift in Sources */,
				018 /* FileSystemAgent.swift in Sources */,
				019 /* SystemJunkAgent.swift in Sources */,
				020 /* ApplicationAgent.swift in Sources */,
				021 /* BrowserDataAgent.swift in Sources */,
				022 /* ProcessAgent.swift in Sources */,
			);
			runOnlyForDeploymentPostprocessing = 0;
		};
/* End PBXSourcesBuildPhase section */

/* Begin XCBuildConfiguration section */
		900 /* Debug */ = {
			isa = XCBuildConfiguration;
			buildSettings = {
				ALWAYS_SEARCH_USER_PATHS = NO;
				ASSETCATALOG_COMPILER_GENERATE_SWIFT_ASSET_SYMBOL_EXTENSIONS = YES;
				CLANG_ANALYZER_NONNULL = YES;
				CLANG_ANALYZER_NUMBER_OBJECT_CONVERSION = YES_AGGRESSIVE;
				CLANG_CXX_LANGUAGE_STANDARD = "gnu++20";
				CLANG_ENABLE_MODULES = YES;
				CLANG_ENABLE_OBJC_ARC = YES;
				CLANG_ENABLE_OBJC_WEAK = YES;
				CLANG_WARN_BLOCK_CAPTURE_AUTORELEASING = YES;
				CLANG_WARN_BOOL_CONVERSION = YES;
				CLANG_WARN_COMMA = YES;
				CLANG_WARN_CONSTANT_CONVERSION = YES;
				CLANG_WARN_DEPRECATED_OBJC_IMPLEMENTATIONS = YES;
				CLANG_WARN_DIRECT_OBJC_ISA_USAGE = YES_ERROR;
				CLANG_WARN_DOCUMENTATION_COMMENTS = YES;
				CLANG_WARN_EMPTY_BODY = YES;
				CLANG_WARN_ENUM_CONVERSION = YES;
				CLANG_WARN_INFINITE_RECURSION = YES;
				CLANG_WARN_INT_CONVERSION = YES;
				CLANG_WARN_NON_LITERAL_NULL_CONVERSION = YES;
				CLANG_WARN_OBJC_IMPLICIT_RETAIN_SELF = YES;
				CLANG_WARN_OBJC_LITERAL_CONVERSION = YES;
				CLANG_WARN_OBJC_ROOT_CLASS = YES_ERROR;
				CLANG_WARN_QUOTED_INCLUDE_IN_FRAMEWORK_HEADER = YES;
				CLANG_WARN_RANGE_LOOP_ANALYSIS = YES;
				CLANG_WARN_STRICT_PROTOTYPES = YES;
				CLANG_WARN_SUSPICIOUS_MOVE = YES;
				CLANG_WARN_UNGUARDED_AVAILABILITY = YES_AGGRESSIVE;
				CLANG_WARN_UNREACHABLE_CODE = YES;
				CLANG_WARN__DUPLICATE_METHOD_MATCH = YES;
				COPY_PHASE_STRIP = NO;
				DEBUG_INFORMATION_FORMAT = dwarf;
				ENABLE_STRICT_OBJC_MSGSEND = YES;
				ENABLE_TESTABILITY = YES;
				ENABLE_USER_SCRIPT_SANDBOXING = YES;
				GCC_C_LANGUAGE_STANDARD = gnu17;
				GCC_DYNAMIC_NO_PIC = NO;
				GCC_NO_COMMON_BLOCKS = YES;
				GCC_OPTIMIZATION_LEVEL = 0;
				GCC_PREPROCESSOR_DEFINITIONS = (
					"DEBUG=1",
					"$(inherited)",
				);
				GCC_WARN_64_TO_32_BIT_CONVERSION = YES;
				GCC_WARN_ABOUT_RETURN_TYPE = YES_ERROR;
				GCC_WARN_UNDECLARED_SELECTOR = YES;
				GCC_WARN_UNINITIALIZED_AUTOS = YES_AGGRESSIVE;
				GCC_WARN_UNUSED_FUNCTION = YES;
				GCC_WARN_UNUSED_VARIABLE = YES;
				LOCALIZATION_PREFERS_STRING_CATALOGS = YES;
				MACOSX_DEPLOYMENT_TARGET = 14.0;
				MTL_ENABLE_DEBUG_INFO = INCLUDE_SOURCE;
				MTL_FAST_MATH = YES;
				ONLY_ACTIVE_ARCH = YES;
				SDKROOT = macosx;
				SWIFT_ACTIVE_COMPILATION_CONDITIONS = "DEBUG $(inherited)";
				SWIFT_OPTIMIZATION_LEVEL = "-Onone";
			};
			name = Debug;
		};
		901 /* Release */ = {
			isa = XCBuildConfiguration;
			buildSettings = {
				ALWAYS_SEARCH_USER_PATHS = NO;
				ASSETCATALOG_COMPILER_GENERATE_SWIFT_ASSET_SYMBOL_EXTENSIONS = YES;
				CLANG_ANALYZER_NONNULL = YES;
				CLANG_ANALYZER_NUMBER_OBJECT_CONVERSION = YES_AGGRESSIVE;
				CLANG_CXX_LANGUAGE_STANDARD = "gnu++20";
				CLANG_ENABLE_MODULES = YES;
				CLANG_ENABLE_OBJC_ARC = YES;
				CLANG_ENABLE_OBJC_WEAK = YES;
				CLANG_WARN_BLOCK_CAPTURE_AUTORELEASING = YES;
				CLANG_WARN_BOOL_CONVERSION = YES;
				CLANG_WARN_COMMA = YES;
				CLANG_WARN_CONSTANT_CONVERSION = YES;
				CLANG_WARN_DEPRECATED_OBJC_IMPLEMENTATIONS = YES;
				CLANG_WARN_DIRECT_OBJC_ISA_USAGE = YES_ERROR;
				CLANG_WARN_DOCUMENTATION_COMMENTS = YES;
				CLANG_WARN_EMPTY_BODY = YES;
				CLANG_WARN_ENUM_CONVERSION = YES;
				CLANG_WARN_INFINITE_RECURSION = YES;
				CLANG_WARN_INT_CONVERSION = YES;
				CLANG_WARN_NON_LITERAL_NULL_CONVERSION = YES;
				CLANG_WARN_OBJC_IMPLICIT_RETAIN_SELF = YES;
				CLANG_WARN_OBJC_LITERAL_CONVERSION = YES;
				CLANG_WARN_OBJC_ROOT_CLASS = YES_ERROR;
				CLANG_WARN_QUOTED_INCLUDE_IN_FRAMEWORK_HEADER = YES;
				CLANG_WARN_RANGE_LOOP_ANALYSIS = YES;
				CLANG_WARN_STRICT_PROTOTYPES = YES;
				CLANG_WARN_SUSPICIOUS_MOVE = YES;
				CLANG_WARN_UNGUARDED_AVAILABILITY = YES_AGGRESSIVE;
				CLANG_WARN_UNREACHABLE_CODE = YES;
				CLANG_WARN__DUPLICATE_METHOD_MATCH = YES;
				COPY_PHASE_STRIP = NO;
				DEBUG_INFORMATION_FORMAT = "dwarf-with-dsym";
				ENABLE_NS_ASSERTIONS = NO;
				ENABLE_STRICT_OBJC_MSGSEND = YES;
				ENABLE_USER_SCRIPT_SANDBOXING = YES;
				GCC_C_LANGUAGE_STANDARD = gnu17;
				GCC_NO_COMMON_BLOCKS = YES;
				GCC_WARN_64_TO_32_BIT_CONVERSION = YES;
				GCC_WARN_ABOUT_RETURN_TYPE = YES_ERROR;
				GCC_WARN_UNDECLARED_SELECTOR = YES;
				GCC_WARN_UNINITIALIZED_AUTOS = YES_AGGRESSIVE;
				GCC_WARN_UNUSED_FUNCTION = YES;
				GCC_WARN_UNUSED_VARIABLE = YES;
				LOCALIZATION_PREFERS_STRING_CATALOGS = YES;
				MACOSX_DEPLOYMENT_TARGET = 14.0;
				MTL_ENABLE_DEBUG_INFO = NO;
				MTL_FAST_MATH = YES;
				SDKROOT = macosx;
				SWIFT_COMPILATION_MODE = wholemodule;
			};
			name = Release;
		};
		902 /* Debug */ = {
			isa = XCBuildConfiguration;
			buildSettings = {
				ASSETCATALOG_COMPILER_APPICON_NAME = AppIcon;
				ASSETCATALOG_COMPILER_GLOBAL_ACCENT_COLOR_NAME = AccentColor;
				CODE_SIGN_ENTITLEMENTS = ZenScan/ZenScan.entitlements;
				CODE_SIGN_STYLE = Automatic;
				COMBINE_HIDPI_IMAGES = YES;
				CURRENT_PROJECT_VERSION = 1;
				DEVELOPMENT_ASSET_PATHS = "";
				ENABLE_HARDENED_RUNTIME = YES;
				ENABLE_PREVIEWS = YES;
				GENERATE_INFOPLIST_FILE = YES;
				INFOPLIST_KEY_LSApplicationCategoryType = "public.app-category.utilities";
				INFOPLIST_KEY_NSHumanReadableCopyright = "";
				LD_RUNPATH_SEARCH_PATHS = (
					"$(inherited)",
					"@executable_path/../Frameworks",
				);
				MARKETING_VERSION = 1.0;
				PRODUCT_BUNDLE_IDENTIFIER = com.zenscan.app;
				PRODUCT_NAME = "$(TARGET_NAME)";
				SWIFT_EMIT_LOC_STRINGS = YES;
				SWIFT_VERSION = 5.0;
			};
			name = Debug;
		};
		903 /* Release */ = {
			isa = XCBuildConfiguration;
			buildSettings = {
				ASSETCATALOG_COMPILER_APPICON_NAME = AppIcon;
				ASSETCATALOG_COMPILER_GLOBAL_ACCENT_COLOR_NAME = AccentColor;
				CODE_SIGN_ENTITLEMENTS = ZenScan/ZenScan.entitlements;
				CODE_SIGN_STYLE = Automatic;
				COMBINE_HIDPI_IMAGES = YES;
				CURRENT_PROJECT_VERSION = 1;
				DEVELOPMENT_ASSET_PATHS = "";
				ENABLE_HARDENED_RUNTIME = YES;
				ENABLE_PREVIEWS = YES;
				GENERATE_INFOPLIST_FILE = YES;
				INFOPLIST_KEY_LSApplicationCategoryType = "public.app-category.utilities";
				INFOPLIST_KEY_NSHumanReadableCopyright = "";
				LD_RUNPATH_SEARCH_PATHS = (
					"$(inherited)",
					"@executable_path/../Frameworks",
				);
				MARKETING_VERSION = 1.0;
				PRODUCT_BUNDLE_IDENTIFIER = com.zenscan.app;
				PRODUCT_NAME = "$(TARGET_NAME)";
				SWIFT_EMIT_LOC_STRINGS = YES;
				SWIFT_VERSION = 5.0;
			};
			name = Release;
		};
/* End XCBuildConfiguration section */

/* Begin XCConfigurationList section */
		700 /* Build configuration list for PBXNativeTarget "ZenScan" */ = {
			isa = XCConfigurationList;
			buildConfigurations = (
				902 /* Debug */,
				903 /* Release */,
			);
			defaultConfigurationIsVisible = 0;
			defaultConfigurationName = Release;
		};
		801 /* Build configuration list for PBXProject "ZenScan" */ = {
			isa = XCConfigurationList;
			buildConfigurations = (
				900 /* Debug */,
				901 /* Release */,
			);
			defaultConfigurationIsVisible = 0;
			defaultConfigurationName = Release;
		};
/* End XCConfigurationList section */
	};
	rootObject = 800 /* Project object */;
}
